// !$*UTF8*$!
{
	archiveVersion = 1;
	classes = {
	};
	objectVersion = 45;
	objects = {

/* Begin PBXBuildFile section */
		1D3623260D0F684500981E51 /* JustUpdateAppDelegate.m in Sources */ = {isa = PBXBuildFile; fileRef = 1D3623250D0F684500981E51 /* JustUpdateAppDelegate.m */; };
		1D60589B0D05DD56006BFB54 /* main.m in Sources */ = {isa = PBXBuildFile; fileRef = 29B97316FDCFA39411CA2CEA /* main.m */; };
		1D60589F0D05DD5A006BFB54 /* Foundation.framework in Frameworks */ = {isa = PBXBuildFile; fileRef = 1D30AB110D05D00D00671497 /* Foundation.framework */; };
		1DF5F4E00D08C38300B7A737 /* UIKit.framework in Frameworks */ = {isa = PBXBuildFile; fileRef = 1DF5F4DF0D08C38300B7A737 /* UIKit.framework */; };
		28AD733F0D9D9553002E5188 /* MainWindow.xib in Resources */ = {isa = PBXBuildFile; fileRef = 28AD733E0D9D9553002E5188 /* MainWindow.xib */; };
		CD0C4AF90FE7796A00E6F5B5 /* Base64Transcoder.c in Sources */ = {isa = PBXBuildFile; fileRef = CD0C4AF30FE7796A00E6F5B5 /* Base64Transcoder.c */; };
		CD0C4AFA0FE7796A00E6F5B5 /* hmac.c in Sources */ = {isa = PBXBuildFile; fileRef = CD0C4AF50FE7796A00E6F5B5 /* hmac.c */; };
		CD0C4AFB0FE7796A00E6F5B5 /* sha1.c in Sources */ = {isa = PBXBuildFile; fileRef = CD0C4AF70FE7796A00E6F5B5 /* sha1.c */; };
		CD0C4B080FE779A600E6F5B5 /* NSMutableURLRequest+Parameters.m in Sources */ = {isa = PBXBuildFile; fileRef = CD0C4B050FE779A600E6F5B5 /* NSMutableURLRequest+Parameters.m */; };
		CD0C4B090FE779A600E6F5B5 /* NSString+URLEncoding.m in Sources */ = {isa = PBXBuildFile; fileRef = CD0C4B070FE779A600E6F5B5 /* NSString+URLEncoding.m */; };
		CD0C4B0C0FE779B000E6F5B5 /* NSURL+Base.m in Sources */ = {isa = PBXBuildFile; fileRef = CD0C4B0B0FE779B000E6F5B5 /* NSURL+Base.m */; };
		CD0C4B230FE77AE500E6F5B5 /* OAConsumer.m in Sources */ = {isa = PBXBuildFile; fileRef = CD0C4B120FE77AE500E6F5B5 /* OAConsumer.m */; };
		CD0C4B240FE77AE500E6F5B5 /* OADataFetcher.m in Sources */ = {isa = PBXBuildFile; fileRef = CD0C4B140FE77AE500E6F5B5 /* OADataFetcher.m */; };
		CD0C4B250FE77AE500E6F5B5 /* OAHMAC_SHA1SignatureProvider.m in Sources */ = {isa = PBXBuildFile; fileRef = CD0C4B160FE77AE500E6F5B5 /* OAHMAC_SHA1SignatureProvider.m */; };
		CD0C4B260FE77AE500E6F5B5 /* OAMutableURLRequest.m in Sources */ = {isa = PBXBuildFile; fileRef = CD0C4B180FE77AE500E6F5B5 /* OAMutableURLRequest.m */; };
		CD0C4B270FE77AE500E6F5B5 /* OAPlaintextSignatureProvider.m in Sources */ = {isa = PBXBuildFile; fileRef = CD0C4B1A0FE77AE500E6F5B5 /* OAPlaintextSignatureProvider.m */; };
		CD0C4B280FE77AE500E6F5B5 /* OARequestParameter.m in Sources */ = {isa = PBXBuildFile; fileRef = CD0C4B1C0FE77AE500E6F5B5 /* OARequestParameter.m */; };
		CD0C4B290FE77AE500E6F5B5 /* OAServiceTicket.m in Sources */ = {isa = PBXBuildFile; fileRef = CD0C4B1E0FE77AE500E6F5B5 /* OAServiceTicket.m */; };
		CD0C4B2A0FE77AE500E6F5B5 /* OAToken_KeychainExtensions.m in Sources */ = {isa = PBXBuildFile; fileRef = CD0C4B200FE77AE500E6F5B5 /* OAToken_KeychainExtensions.m */; };
		CD0C4B2B0FE77AE500E6F5B5 /* OAToken.m in Sources */ = {isa = PBXBuildFile; fileRef = CD0C4B220FE77AE500E6F5B5 /* OAToken.m */; };
		CD120FC00E64042000AEEEFA /* PopupOverlayDM.png in Resources */ = {isa = PBXBuildFile; fileRef = CD120FBF0E64042000AEEEFA /* PopupOverlayDM.png */; };
		CD120FD50E64063100AEEEFA /* PopupOverlayHighlight.png in Resources */ = {isa = PBXBuildFile; fileRef = CD120FD30E64063100AEEEFA /* PopupOverlayHighlight.png */; };
		CD120FD60E64063100AEEEFA /* PopupOverlayDMHighlight.png in Resources */ = {isa = PBXBuildFile; fileRef = CD120FD40E64063100AEEEFA /* PopupOverlayDMHighlight.png */; };
		CD5A38060E65CD7600CF8A88 /* libsqlite3.0.dylib in Frameworks */ = {isa = PBXBuildFile; fileRef = CD5A38050E65CD7600CF8A88 /* libsqlite3.0.dylib */; };
		CD5A38090E65CD9400CF8A88 /* CoreLocation.framework in Frameworks */ = {isa = PBXBuildFile; fileRef = CD5A38070E65CD9400CF8A88 /* CoreLocation.framework */; };
		CD5A380A0E65CD9400CF8A88 /* SystemConfiguration.framework in Frameworks */ = {isa = PBXBuildFile; fileRef = CD5A38080E65CD9400CF8A88 /* SystemConfiguration.framework */; };
		CD7091150E57264D00D1BF45 /* Icon.png in Resources */ = {isa = PBXBuildFile; fileRef = CD7091140E57264D00D1BF45 /* Icon.png */; };
		CD7091540E57337D00D1BF45 /* AuthdThreadArgs.m in Sources */ = {isa = PBXBuildFile; fileRef = CD7091530E57337D00D1BF45 /* AuthdThreadArgs.m */; };
		CD7091920E573B0300D1BF45 /* NSStringSyncAdditions.m in Sources */ = {isa = PBXBuildFile; fileRef = CD7091910E573B0300D1BF45 /* NSStringSyncAdditions.m */; };
		CDBCC9600FE8CE1000400EC8 /* JustUpdate.png in Resources */ = {isa = PBXBuildFile; fileRef = CDBCC95F0FE8CE1000400EC8 /* JustUpdate.png */; };
		CDCAABAA0E66ADAC00937599 /* LargeIcon.png in Resources */ = {isa = PBXBuildFile; fileRef = CDCAABA90E66ADAC00937599 /* LargeIcon.png */; };
		CDCAABAC0E66AFB100937599 /* AboutScreen.xib in Resources */ = {isa = PBXBuildFile; fileRef = CDCAABAB0E66AFB100937599 /* AboutScreen.xib */; };
		CDCEAD8E0FEB3FD80051A59F /* Entitlements.plist in Resources */ = {isa = PBXBuildFile; fileRef = CDCEAD8D0FEB3FD80051A59F /* Entitlements.plist */; };
		CDE47F280E5750F200413BC1 /* NSObject+SBJSON.m in Sources */ = {isa = PBXBuildFile; fileRef = CDE47F230E5750F200413BC1 /* NSObject+SBJSON.m */; };
		CDE47F290E5750F200413BC1 /* NSString+SBJSON.m in Sources */ = {isa = PBXBuildFile; fileRef = CDE47F250E5750F200413BC1 /* NSString+SBJSON.m */; };
		CDE47F2A0E5750F200413BC1 /* SBJSON.m in Sources */ = {isa = PBXBuildFile; fileRef = CDE47F270E5750F200413BC1 /* SBJSON.m */; };
		CDEB2A050E60B237008F7701 /* Default.png in Resources */ = {isa = PBXBuildFile; fileRef = CDEB2A040E60B237008F7701 /* Default.png */; };
		CDEB2A090E60B537008F7701 /* PopupOverlay.png in Resources */ = {isa = PBXBuildFile; fileRef = CDEB2A080E60B537008F7701 /* PopupOverlay.png */; };
		CDF691C10FEA1FB200EF96DB /* Credits.html in Resources */ = {isa = PBXBuildFile; fileRef = CDF691BF0FEA1FB200EF96DB /* Credits.html */; };
/* End PBXBuildFile section */

/* Begin PBXFileReference section */
		1D30AB110D05D00D00671497 /* Foundation.framework */ = {isa = PBXFileReference; lastKnownFileType = wrapper.framework; name = Foundation.framework; path = System/Library/Frameworks/Foundation.framework; sourceTree = SDKROOT; };
		1D3623240D0F684500981E51 /* JustUpdateAppDelegate.h */ = {isa = PBXFileReference; fileEncoding = 4; lastKnownFileType = sourcecode.c.h; path = JustUpdateAppDelegate.h; sourceTree = "<group>"; };
		1D3623250D0F684500981E51 /* JustUpdateAppDelegate.m */ = {isa = PBXFileReference; fileEncoding = 4; lastKnownFileType = sourcecode.c.objc; path = JustUpdateAppDelegate.m; sourceTree = "<group>"; };
		1D6058910D05DD3D006BFB54 /* JustUpdate.app */ = {isa = PBXFileReference; explicitFileType = wrapper.application; includeInIndex = 0; path = JustUpdate.app; sourceTree = BUILT_PRODUCTS_DIR; };
		1DF5F4DF0D08C38300B7A737 /* UIKit.framework */ = {isa = PBXFileReference; lastKnownFileType = wrapper.framework; name = UIKit.framework; path = System/Library/Frameworks/UIKit.framework; sourceTree = SDKROOT; };
		28AD733E0D9D9553002E5188 /* MainWindow.xib */ = {isa = PBXFileReference; lastKnownFileType = file.xib; path = MainWindow.xib; sourceTree = "<group>"; };
		29B97316FDCFA39411CA2CEA /* main.m */ = {isa = PBXFileReference; fileEncoding = 4; lastKnownFileType = sourcecode.c.objc; path = main.m; sourceTree = "<group>"; };
		32CA4F630368D1EE00C91783 /* JustUpdate_Prefix.pch */ = {isa = PBXFileReference; fileEncoding = 4; lastKnownFileType = sourcecode.c.h; path = JustUpdate_Prefix.pch; sourceTree = "<group>"; };
		8D1107310486CEB800E47090 /* Info.plist */ = {isa = PBXFileReference; fileEncoding = 4; lastKnownFileType = text.plist.xml; path = Info.plist; sourceTree = "<group>"; };
		CD0C4AF30FE7796A00E6F5B5 /* Base64Transcoder.c */ = {isa = PBXFileReference; fileEncoding = 4; lastKnownFileType = sourcecode.c.c; path = Base64Transcoder.c; sourceTree = "<group>"; };
		CD0C4AF40FE7796A00E6F5B5 /* Base64Transcoder.h */ = {isa = PBXFileReference; fileEncoding = 4; lastKnownFileType = sourcecode.c.h; path = Base64Transcoder.h; sourceTree = "<group>"; };
		CD0C4AF50FE7796A00E6F5B5 /* hmac.c */ = {isa = PBXFileReference; fileEncoding = 4; lastKnownFileType = sourcecode.c.c; path = hmac.c; sourceTree = "<group>"; };
		CD0C4AF60FE7796A00E6F5B5 /* hmac.h */ = {isa = PBXFileReference; fileEncoding = 4; lastKnownFileType = sourcecode.c.h; path = hmac.h; sourceTree = "<group>"; };
		CD0C4AF70FE7796A00E6F5B5 /* sha1.c */ = {isa = PBXFileReference; fileEncoding = 4; lastKnownFileType = sourcecode.c.c; path = sha1.c; sourceTree = "<group>"; };
		CD0C4AF80FE7796A00E6F5B5 /* sha1.h */ = {isa = PBXFileReference; fileEncoding = 4; lastKnownFileType = sourcecode.c.h; path = sha1.h; sourceTree = "<group>"; };
		CD0C4B040FE779A600E6F5B5 /* NSMutableURLRequest+Parameters.h */ = {isa = PBXFileReference; fileEncoding = 4; lastKnownFileType = sourcecode.c.h; name = "NSMutableURLRequest+Parameters.h"; path = "oauth/obj-c/OAuthConsumer/NSMutableURLRequest+Parameters.h"; sourceTree = "<group>"; };
		CD0C4B050FE779A600E6F5B5 /* NSMutableURLRequest+Parameters.m */ = {isa = PBXFileReference; fileEncoding = 4; lastKnownFileType = sourcecode.c.objc; name = "NSMutableURLRequest+Parameters.m"; path = "oauth/obj-c/OAuthConsumer/NSMutableURLRequest+Parameters.m"; sourceTree = "<group>"; };
		CD0C4B060FE779A600E6F5B5 /* NSString+URLEncoding.h */ = {isa = PBXFileReference; fileEncoding = 4; lastKnownFileType = sourcecode.c.h; name = "NSString+URLEncoding.h"; path = "oauth/obj-c/OAuthConsumer/NSString+URLEncoding.h"; sourceTree = "<group>"; };
		CD0C4B070FE779A600E6F5B5 /* NSString+URLEncoding.m */ = {isa = PBXFileReference; fileEncoding = 4; lastKnownFileType = sourcecode.c.objc; name = "NSString+URLEncoding.m"; path = "oauth/obj-c/OAuthConsumer/NSString+URLEncoding.m"; sourceTree = "<group>"; };
		CD0C4B0A0FE779B000E6F5B5 /* NSURL+Base.h */ = {isa = PBXFileReference; fileEncoding = 4; lastKnownFileType = sourcecode.c.h; name = "NSURL+Base.h"; path = "oauth/obj-c/OAuthConsumer/NSURL+Base.h"; sourceTree = "<group>"; };
		CD0C4B0B0FE779B000E6F5B5 /* NSURL+Base.m */ = {isa = PBXFileReference; fileEncoding = 4; lastKnownFileType = sourcecode.c.objc; name = "NSURL+Base.m"; path = "oauth/obj-c/OAuthConsumer/NSURL+Base.m"; sourceTree = "<group>"; };
		CD0C4B0F0FE77AA500E6F5B5 /* OASignatureProviding.h */ = {isa = PBXFileReference; fileEncoding = 4; lastKnownFileType = sourcecode.c.h; name = OASignatureProviding.h; path = "oauth/obj-c/OAuthConsumer/OASignatureProviding.h"; sourceTree = "<group>"; };
		CD0C4B100FE77AB900E6F5B5 /* OAuthConsumer.h */ = {isa = PBXFileReference; fileEncoding = 4; lastKnownFileType = sourcecode.c.h; name = OAuthConsumer.h; path = "oauth/obj-c/OAuthConsumer/OAuthConsumer.h"; sourceTree = "<group>"; };
		CD0C4B110FE77AE500E6F5B5 /* OAConsumer.h */ = {isa = PBXFileReference; fileEncoding = 4; lastKnownFileType = sourcecode.c.h; name = OAConsumer.h; path = "oauth/obj-c/OAuthConsumer/OAConsumer.h"; sourceTree = "<group>"; };
		CD0C4B120FE77AE500E6F5B5 /* OAConsumer.m */ = {isa = PBXFileReference; fileEncoding = 4; lastKnownFileType = sourcecode.c.objc; name = OAConsumer.m; path = "oauth/obj-c/OAuthConsumer/OAConsumer.m"; sourceTree = "<group>"; };
		CD0C4B130FE77AE500E6F5B5 /* OADataFetcher.h */ = {isa = PBXFileReference; fileEncoding = 4; lastKnownFileType = sourcecode.c.h; name = OADataFetcher.h; path = "oauth/obj-c/OAuthConsumer/OADataFetcher.h"; sourceTree = "<group>"; };
		CD0C4B140FE77AE500E6F5B5 /* OADataFetcher.m */ = {isa = PBXFileReference; fileEncoding = 4; lastKnownFileType = sourcecode.c.objc; name = OADataFetcher.m; path = "oauth/obj-c/OAuthConsumer/OADataFetcher.m"; sourceTree = "<group>"; };
		CD0C4B150FE77AE500E6F5B5 /* OAHMAC_SHA1SignatureProvider.h */ = {isa = PBXFileReference; fileEncoding = 4; lastKnownFileType = sourcecode.c.h; name = OAHMAC_SHA1SignatureProvider.h; path = "oauth/obj-c/OAuthConsumer/OAHMAC_SHA1SignatureProvider.h"; sourceTree = "<group>"; };
		CD0C4B160FE77AE500E6F5B5 /* OAHMAC_SHA1SignatureProvider.m */ = {isa = PBXFileReference; fileEncoding = 4; lastKnownFileType = sourcecode.c.objc; name = OAHMAC_SHA1SignatureProvider.m; path = "oauth/obj-c/OAuthConsumer/OAHMAC_SHA1SignatureProvider.m"; sourceTree = "<group>"; };
		CD0C4B170FE77AE500E6F5B5 /* OAMutableURLRequest.h */ = {isa = PBXFileReference; fileEncoding = 4; lastKnownFileType = sourcecode.c.h; name = OAMutableURLRequest.h; path = "oauth/obj-c/OAuthConsumer/OAMutableURLRequest.h"; sourceTree = "<group>"; };
		CD0C4B180FE77AE500E6F5B5 /* OAMutableURLRequest.m */ = {isa = PBXFileReference; fileEncoding = 4; lastKnownFileType = sourcecode.c.objc; name = OAMutableURLRequest.m; path = "oauth/obj-c/OAuthConsumer/OAMutableURLRequest.m"; sourceTree = "<group>"; };
		CD0C4B190FE77AE500E6F5B5 /* OAPlaintextSignatureProvider.h */ = {isa = PBXFileReference; fileEncoding = 4; lastKnownFileType = sourcecode.c.h; name = OAPlaintextSignatureProvider.h; path = "oauth/obj-c/OAuthConsumer/OAPlaintextSignatureProvider.h"; sourceTree = "<group>"; };
		CD0C4B1A0FE77AE500E6F5B5 /* OAPlaintextSignatureProvider.m */ = {isa = PBXFileReference; fileEncoding = 4; lastKnownFileType = sourcecode.c.objc; name = OAPlaintextSignatureProvider.m; path = "oauth/obj-c/OAuthConsumer/OAPlaintextSignatureProvider.m"; sourceTree = "<group>"; };
		CD0C4B1B0FE77AE500E6F5B5 /* OARequestParameter.h */ = {isa = PBXFileReference; fileEncoding = 4; lastKnownFileType = sourcecode.c.h; name = OARequestParameter.h; path = "oauth/obj-c/OAuthConsumer/OARequestParameter.h"; sourceTree = "<group>"; };
		CD0C4B1C0FE77AE500E6F5B5 /* OARequestParameter.m */ = {isa = PBXFileReference; fileEncoding = 4; lastKnownFileType = sourcecode.c.objc; name = OARequestParameter.m; path = "oauth/obj-c/OAuthConsumer/OARequestParameter.m"; sourceTree = "<group>"; };
		CD0C4B1D0FE77AE500E6F5B5 /* OAServiceTicket.h */ = {isa = PBXFileReference; fileEncoding = 4; lastKnownFileType = sourcecode.c.h; name = OAServiceTicket.h; path = "oauth/obj-c/OAuthConsumer/OAServiceTicket.h"; sourceTree = "<group>"; };
		CD0C4B1E0FE77AE500E6F5B5 /* OAServiceTicket.m */ = {isa = PBXFileReference; fileEncoding = 4; lastKnownFileType = sourcecode.c.objc; name = OAServiceTicket.m; path = "oauth/obj-c/OAuthConsumer/OAServiceTicket.m"; sourceTree = "<group>"; };
		CD0C4B1F0FE77AE500E6F5B5 /* OAToken_KeychainExtensions.h */ = {isa = PBXFileReference; fileEncoding = 4; lastKnownFileType = sourcecode.c.h; name = OAToken_KeychainExtensions.h; path = "oauth/obj-c/OAuthConsumer/OAToken_KeychainExtensions.h"; sourceTree = "<group>"; };
		CD0C4B200FE77AE500E6F5B5 /* OAToken_KeychainExtensions.m */ = {isa = PBXFileReference; fileEncoding = 4; lastKnownFileType = sourcecode.c.objc; name = OAToken_KeychainExtensions.m; path = "oauth/obj-c/OAuthConsumer/OAToken_KeychainExtensions.m"; sourceTree = "<group>"; };
		CD0C4B210FE77AE500E6F5B5 /* OAToken.h */ = {isa = PBXFileReference; fileEncoding = 4; lastKnownFileType = sourcecode.c.h; name = OAToken.h; path = "oauth/obj-c/OAuthConsumer/OAToken.h"; sourceTree = "<group>"; };
		CD0C4B220FE77AE500E6F5B5 /* OAToken.m */ = {isa = PBXFileReference; fileEncoding = 4; lastKnownFileType = sourcecode.c.objc; name = OAToken.m; path = "oauth/obj-c/OAuthConsumer/OAToken.m"; sourceTree = "<group>"; };
		CD120FBF0E64042000AEEEFA /* PopupOverlayDM.png */ = {isa = PBXFileReference; lastKnownFileType = image.png; name = PopupOverlayDM.png; path = Images/PopupOverlayDM.png; sourceTree = "<group>"; };
		CD120FD30E64063100AEEEFA /* PopupOverlayHighlight.png */ = {isa = PBXFileReference; lastKnownFileType = image.png; name = PopupOverlayHighlight.png; path = Images/PopupOverlayHighlight.png; sourceTree = "<group>"; };
		CD120FD40E64063100AEEEFA /* PopupOverlayDMHighlight.png */ = {isa = PBXFileReference; lastKnownFileType = image.png; name = PopupOverlayDMHighlight.png; path = Images/PopupOverlayDMHighlight.png; sourceTree = "<group>"; };
		CD5A38050E65CD7600CF8A88 /* libsqlite3.0.dylib */ = {isa = PBXFileReference; lastKnownFileType = "compiled.mach-o.dylib"; name = libsqlite3.0.dylib; path = usr/lib/libsqlite3.0.dylib; sourceTree = SDKROOT; };
		CD5A38070E65CD9400CF8A88 /* CoreLocation.framework */ = {isa = PBXFileReference; lastKnownFileType = wrapper.framework; name = CoreLocation.framework; path = System/Library/Frameworks/CoreLocation.framework; sourceTree = SDKROOT; };
		CD5A38080E65CD9400CF8A88 /* SystemConfiguration.framework */ = {isa = PBXFileReference; lastKnownFileType = wrapper.framework; name = SystemConfiguration.framework; path = System/Library/Frameworks/SystemConfiguration.framework; sourceTree = SDKROOT; };
		CD7091140E57264D00D1BF45 /* Icon.png */ = {isa = PBXFileReference; lastKnownFileType = image.png; name = Icon.png; path = Images/Icon.png; sourceTree = "<group>"; };
		CD7091520E57337D00D1BF45 /* AuthdThreadArgs.h */ = {isa = PBXFileReference; fileEncoding = 4; lastKnownFileType = sourcecode.c.h; path = AuthdThreadArgs.h; sourceTree = "<group>"; };
		CD7091530E57337D00D1BF45 /* AuthdThreadArgs.m */ = {isa = PBXFileReference; fileEncoding = 4; lastKnownFileType = sourcecode.c.objc; path = AuthdThreadArgs.m; sourceTree = "<group>"; };
		CD7091900E573B0300D1BF45 /* NSStringSyncAdditions.h */ = {isa = PBXFileReference; fileEncoding = 4; lastKnownFileType = sourcecode.c.h; path = NSStringSyncAdditions.h; sourceTree = "<group>"; };
		CD7091910E573B0300D1BF45 /* NSStringSyncAdditions.m */ = {isa = PBXFileReference; fileEncoding = 4; lastKnownFileType = sourcecode.c.objc; path = NSStringSyncAdditions.m; sourceTree = "<group>"; };
		CDBCC95F0FE8CE1000400EC8 /* JustUpdate.png */ = {isa = PBXFileReference; lastKnownFileType = image.png; name = JustUpdate.png; path = Images/JustUpdate.png; sourceTree = "<group>"; };
		CDCAABA90E66ADAC00937599 /* LargeIcon.png */ = {isa = PBXFileReference; lastKnownFileType = image.png; name = LargeIcon.png; path = Images/LargeIcon.png; sourceTree = "<group>"; };
		CDCAABAB0E66AFB100937599 /* AboutScreen.xib */ = {isa = PBXFileReference; lastKnownFileType = file.xib; path = AboutScreen.xib; sourceTree = "<group>"; };
		CDCEAD8D0FEB3FD80051A59F /* Entitlements.plist */ = {isa = PBXFileReference; fileEncoding = 4; lastKnownFileType = text.plist.xml; path = Entitlements.plist; sourceTree = "<group>"; };
		CDD4268E1001E6A300B86A8F /* JustUpdateTwitterDefines.h */ = {isa = PBXFileReference; fileEncoding = 4; lastKnownFileType = sourcecode.c.h; path = JustUpdateTwitterDefines.h; sourceTree = "<group>"; };
		CDE47F210E5750F200413BC1 /* JSON.h */ = {isa = PBXFileReference; fileEncoding = 4; lastKnownFileType = sourcecode.c.h; path = JSON.h; sourceTree = "<group>"; };
		CDE47F220E5750F200413BC1 /* NSObject+SBJSON.h */ = {isa = PBXFileReference; fileEncoding = 4; lastKnownFileType = sourcecode.c.h; path = "NSObject+SBJSON.h"; sourceTree = "<group>"; };
		CDE47F230E5750F200413BC1 /* NSObject+SBJSON.m */ = {isa = PBXFileReference; fileEncoding = 4; lastKnownFileType = sourcecode.c.objc; path = "NSObject+SBJSON.m"; sourceTree = "<group>"; };
		CDE47F240E5750F200413BC1 /* NSString+SBJSON.h */ = {isa = PBXFileReference; fileEncoding = 4; lastKnownFileType = sourcecode.c.h; path = "NSString+SBJSON.h"; sourceTree = "<group>"; };
		CDE47F250E5750F200413BC1 /* NSString+SBJSON.m */ = {isa = PBXFileReference; fileEncoding = 4; lastKnownFileType = sourcecode.c.objc; path = "NSString+SBJSON.m"; sourceTree = "<group>"; };
		CDE47F260E5750F200413BC1 /* SBJSON.h */ = {isa = PBXFileReference; fileEncoding = 4; lastKnownFileType = sourcecode.c.h; path = SBJSON.h; sourceTree = "<group>"; };
		CDE47F270E5750F200413BC1 /* SBJSON.m */ = {isa = PBXFileReference; fileEncoding = 4; lastKnownFileType = sourcecode.c.objc; path = SBJSON.m; sourceTree = "<group>"; };
		CDEB2A040E60B237008F7701 /* Default.png */ = {isa = PBXFileReference; lastKnownFileType = image.png; name = Default.png; path = Images/Default.png; sourceTree = "<group>"; };
		CDEB2A080E60B537008F7701 /* PopupOverlay.png */ = {isa = PBXFileReference; lastKnownFileType = image.png; name = PopupOverlay.png; path = Images/PopupOverlay.png; sourceTree = "<group>"; };
		CDF691C00FEA1FB200EF96DB /* English */ = {isa = PBXFileReference; fileEncoding = 4; lastKnownFileType = text.html; name = English; path = English.lproj/Credits.html; sourceTree = "<group>"; };
/* End PBXFileReference section */

/* Begin PBXFrameworksBuildPhase section */
		1D60588F0D05DD3D006BFB54 /* Frameworks */ = {
			isa = PBXFrameworksBuildPhase;
			buildActionMask = 2147483647;
			files = (
				1D60589F0D05DD5A006BFB54 /* Foundation.framework in Frameworks */,
				1DF5F4E00D08C38300B7A737 /* UIKit.framework in Frameworks */,
				CD5A38060E65CD7600CF8A88 /* libsqlite3.0.dylib in Frameworks */,
				CD5A38090E65CD9400CF8A88 /* CoreLocation.framework in Frameworks */,
				CD5A380A0E65CD9400CF8A88 /* SystemConfiguration.framework in Frameworks */,
			);
			runOnlyForDeploymentPostprocessing = 0;
		};
/* End PBXFrameworksBuildPhase section */

/* Begin PBXGroup section */
		080E96DDFE201D6D7F000001 /* Classes */ = {
			isa = PBXGroup;
			children = (
				CDD4268E1001E6A300B86A8F /* JustUpdateTwitterDefines.h */,
				CD0C4ACF0FE7793900E6F5B5 /* OAuth */,
				CDE47F200E5750F200413BC1 /* JSON */,
				CD7091900E573B0300D1BF45 /* NSStringSyncAdditions.h */,
				CD7091910E573B0300D1BF45 /* NSStringSyncAdditions.m */,
				1D3623240D0F684500981E51 /* JustUpdateAppDelegate.h */,
				1D3623250D0F684500981E51 /* JustUpdateAppDelegate.m */,
				CD7091520E57337D00D1BF45 /* AuthdThreadArgs.h */,
				CD7091530E57337D00D1BF45 /* AuthdThreadArgs.m */,
			);
			path = Classes;
			sourceTree = "<group>";
		};
		19C28FACFE9D520D11CA2CBB /* Products */ = {
			isa = PBXGroup;
			children = (
				1D6058910D05DD3D006BFB54 /* JustUpdate.app */,
			);
			name = Products;
			sourceTree = "<group>";
		};
		29B97314FDCFA39411CA2CEA /* CustomTemplate */ = {
			isa = PBXGroup;
			children = (
				080E96DDFE201D6D7F000001 /* Classes */,
				29B97315FDCFA39411CA2CEA /* Other Sources */,
				29B97317FDCFA39411CA2CEA /* Resources */,
				29B97323FDCFA39411CA2CEA /* Frameworks */,
				19C28FACFE9D520D11CA2CBB /* Products */,
			);
			name = CustomTemplate;
			sourceTree = "<group>";
		};
		29B97315FDCFA39411CA2CEA /* Other Sources */ = {
			isa = PBXGroup;
			children = (
				32CA4F630368D1EE00C91783 /* JustUpdate_Prefix.pch */,
				29B97316FDCFA39411CA2CEA /* main.m */,
			);
			name = "Other Sources";
			sourceTree = "<group>";
		};
		29B97317FDCFA39411CA2CEA /* Resources */ = {
			isa = PBXGroup;
			children = (
				CDF691BF0FEA1FB200EF96DB /* Credits.html */,
				CDBCC95F0FE8CE1000400EC8 /* JustUpdate.png */,
				CD120FD30E64063100AEEEFA /* PopupOverlayHighlight.png */,
				CD120FD40E64063100AEEEFA /* PopupOverlayDMHighlight.png */,
				CD120FBF0E64042000AEEEFA /* PopupOverlayDM.png */,
				CDEB2A080E60B537008F7701 /* PopupOverlay.png */,
				CDEB2A040E60B237008F7701 /* Default.png */,
				CDCAABA90E66ADAC00937599 /* LargeIcon.png */,
				CD7091140E57264D00D1BF45 /* Icon.png */,
				CDCAABAB0E66AFB100937599 /* AboutScreen.xib */,
				28AD733E0D9D9553002E5188 /* MainWindow.xib */,
				8D1107310486CEB800E47090 /* Info.plist */,
				CDCEAD8D0FEB3FD80051A59F /* Entitlements.plist */,
			);
			name = Resources;
			sourceTree = "<group>";
		};
		29B97323FDCFA39411CA2CEA /* Frameworks */ = {
			isa = PBXGroup;
			children = (
				CD5A38070E65CD9400CF8A88 /* CoreLocation.framework */,
				CD5A38080E65CD9400CF8A88 /* SystemConfiguration.framework */,
				CD5A38050E65CD7600CF8A88 /* libsqlite3.0.dylib */,
				1DF5F4DF0D08C38300B7A737 /* UIKit.framework */,
				1D30AB110D05D00D00671497 /* Foundation.framework */,
			);
			name = Frameworks;
			sourceTree = "<group>";
		};
		CD0C4ACF0FE7793900E6F5B5 /* OAuth */ = {
			isa = PBXGroup;
			children = (
				CD0C4AFE0FE7799400E6F5B5 /* Classes */,
				CD0C4AFD0FE7798D00E6F5B5 /* Protocols */,
				CD0C4AFC0FE7798600E6F5B5 /* Cocoa Categories */,
				CD0C4AF20FE7796A00E6F5B5 /* Crypto */,
			);
			name = OAuth;
			sourceTree = "<group>";
		};
		CD0C4AF20FE7796A00E6F5B5 /* Crypto */ = {
			isa = PBXGroup;
			children = (
				CD0C4AF30FE7796A00E6F5B5 /* Base64Transcoder.c */,
				CD0C4AF40FE7796A00E6F5B5 /* Base64Transcoder.h */,
				CD0C4AF50FE7796A00E6F5B5 /* hmac.c */,
				CD0C4AF60FE7796A00E6F5B5 /* hmac.h */,
				CD0C4AF70FE7796A00E6F5B5 /* sha1.c */,
				CD0C4AF80FE7796A00E6F5B5 /* sha1.h */,
			);
			name = Crypto;
			path = "oauth/obj-c/OAuthConsumer/Crypto";
			sourceTree = "<group>";
		};
		CD0C4AFC0FE7798600E6F5B5 /* Cocoa Categories */ = {
			isa = PBXGroup;
			children = (
				CD0C4B0A0FE779B000E6F5B5 /* NSURL+Base.h */,
				CD0C4B0B0FE779B000E6F5B5 /* NSURL+Base.m */,
				CD0C4B040FE779A600E6F5B5 /* NSMutableURLRequest+Parameters.h */,
				CD0C4B050FE779A600E6F5B5 /* NSMutableURLRequest+Parameters.m */,
				CD0C4B060FE779A600E6F5B5 /* NSString+URLEncoding.h */,
				CD0C4B070FE779A600E6F5B5 /* NSString+URLEncoding.m */,
			);
			name = "Cocoa Categories";
			sourceTree = "<group>";
		};
		CD0C4AFD0FE7798D00E6F5B5 /* Protocols */ = {
			isa = PBXGroup;
			children = (
				CD0C4B0F0FE77AA500E6F5B5 /* OASignatureProviding.h */,
			);
			name = Protocols;
			sourceTree = "<group>";
		};
		CD0C4AFE0FE7799400E6F5B5 /* Classes */ = {
			isa = PBXGroup;
			children = (
				CD0C4B110FE77AE500E6F5B5 /* OAConsumer.h */,
				CD0C4B120FE77AE500E6F5B5 /* OAConsumer.m */,
				CD0C4B130FE77AE500E6F5B5 /* OADataFetcher.h */,
				CD0C4B140FE77AE500E6F5B5 /* OADataFetcher.m */,
				CD0C4B150FE77AE500E6F5B5 /* OAHMAC_SHA1SignatureProvider.h */,
				CD0C4B160FE77AE500E6F5B5 /* OAHMAC_SHA1SignatureProvider.m */,
				CD0C4B170FE77AE500E6F5B5 /* OAMutableURLRequest.h */,
				CD0C4B180FE77AE500E6F5B5 /* OAMutableURLRequest.m */,
				CD0C4B190FE77AE500E6F5B5 /* OAPlaintextSignatureProvider.h */,
				CD0C4B1A0FE77AE500E6F5B5 /* OAPlaintextSignatureProvider.m */,
				CD0C4B1B0FE77AE500E6F5B5 /* OARequestParameter.h */,
				CD0C4B1C0FE77AE500E6F5B5 /* OARequestParameter.m */,
				CD0C4B1D0FE77AE500E6F5B5 /* OAServiceTicket.h */,
				CD0C4B1E0FE77AE500E6F5B5 /* OAServiceTicket.m */,
				CD0C4B1F0FE77AE500E6F5B5 /* OAToken_KeychainExtensions.h */,
				CD0C4B200FE77AE500E6F5B5 /* OAToken_KeychainExtensions.m */,
				CD0C4B210FE77AE500E6F5B5 /* OAToken.h */,
				CD0C4B220FE77AE500E6F5B5 /* OAToken.m */,
				CD0C4B100FE77AB900E6F5B5 /* OAuthConsumer.h */,
			);
			name = Classes;
			sourceTree = "<group>";
		};
		CDE47F200E5750F200413BC1 /* JSON */ = {
			isa = PBXGroup;
			children = (
				CDE47F210E5750F200413BC1 /* JSON.h */,
				CDE47F220E5750F200413BC1 /* NSObject+SBJSON.h */,
				CDE47F230E5750F200413BC1 /* NSObject+SBJSON.m */,
				CDE47F240E5750F200413BC1 /* NSString+SBJSON.h */,
				CDE47F250E5750F200413BC1 /* NSString+SBJSON.m */,
				CDE47F260E5750F200413BC1 /* SBJSON.h */,
				CDE47F270E5750F200413BC1 /* SBJSON.m */,
			);
			path = JSON;
			sourceTree = "<group>";
		};
/* End PBXGroup section */

/* Begin PBXNativeTarget section */
		1D6058900D05DD3D006BFB54 /* JustUpdate */ = {
			isa = PBXNativeTarget;
			buildConfigurationList = 1D6058960D05DD3E006BFB54 /* Build configuration list for PBXNativeTarget "JustUpdate" */;
			buildPhases = (
				1D60588D0D05DD3D006BFB54 /* Resources */,
				1D60588E0D05DD3D006BFB54 /* Sources */,
				1D60588F0D05DD3D006BFB54 /* Frameworks */,
			);
			buildRules = (
			);
			dependencies = (
			);
			name = JustUpdate;
			productName = JustUpdate;
			productReference = 1D6058910D05DD3D006BFB54 /* JustUpdate.app */;
			productType = "com.apple.product-type.application";
		};
/* End PBXNativeTarget section */

/* Begin PBXProject section */
		29B97313FDCFA39411CA2CEA /* Project object */ = {
			isa = PBXProject;
			buildConfigurationList = C01FCF4E08A954540054247B /* Build configuration list for PBXProject "JustUpdate" */;
			compatibilityVersion = "Xcode 3.1";
			hasScannedForEncodings = 1;
			mainGroup = 29B97314FDCFA39411CA2CEA /* CustomTemplate */;
			projectDirPath = "";
			projectRoot = "";
			targets = (
				1D6058900D05DD3D006BFB54 /* JustUpdate */,
			);
		};
/* End PBXProject section */

/* Begin PBXResourcesBuildPhase section */
		1D60588D0D05DD3D006BFB54 /* Resources */ = {
			isa = PBXResourcesBuildPhase;
			buildActionMask = 2147483647;
			files = (
				28AD733F0D9D9553002E5188 /* MainWindow.xib in Resources */,
				CD7091150E57264D00D1BF45 /* Icon.png in Resources */,
				CDEB2A050E60B237008F7701 /* Default.png in Resources */,
				CDEB2A090E60B537008F7701 /* PopupOverlay.png in Resources */,
				CD120FC00E64042000AEEEFA /* PopupOverlayDM.png in Resources */,
				CD120FD50E64063100AEEEFA /* PopupOverlayHighlight.png in Resources */,
				CD120FD60E64063100AEEEFA /* PopupOverlayDMHighlight.png in Resources */,
				CDCAABAA0E66ADAC00937599 /* LargeIcon.png in Resources */,
				CDCAABAC0E66AFB100937599 /* AboutScreen.xib in Resources */,
				CDBCC9600FE8CE1000400EC8 /* JustUpdate.png in Resources */,
				CDF691C10FEA1FB200EF96DB /* Credits.html in Resources */,
				CDCEAD8E0FEB3FD80051A59F /* Entitlements.plist in Resources */,
			);
			runOnlyForDeploymentPostprocessing = 0;
		};
/* End PBXResourcesBuildPhase section */

/* Begin PBXSourcesBuildPhase section */
		1D60588E0D05DD3D006BFB54 /* Sources */ = {
			isa = PBXSourcesBuildPhase;
			buildActionMask = 2147483647;
			files = (
				1D60589B0D05DD56006BFB54 /* main.m in Sources */,
				1D3623260D0F684500981E51 /* JustUpdateAppDelegate.m in Sources */,
				CD7091540E57337D00D1BF45 /* AuthdThreadArgs.m in Sources */,
				CD7091920E573B0300D1BF45 /* NSStringSyncAdditions.m in Sources */,
				CDE47F280E5750F200413BC1 /* NSObject+SBJSON.m in Sources */,
				CDE47F290E5750F200413BC1 /* NSString+SBJSON.m in Sources */,
				CDE47F2A0E5750F200413BC1 /* SBJSON.m in Sources */,
				CD0C4AF90FE7796A00E6F5B5 /* Base64Transcoder.c in Sources */,
				CD0C4AFA0FE7796A00E6F5B5 /* hmac.c in Sources */,
				CD0C4AFB0FE7796A00E6F5B5 /* sha1.c in Sources */,
				CD0C4B080FE779A600E6F5B5 /* NSMutableURLRequest+Parameters.m in Sources */,
				CD0C4B090FE779A600E6F5B5 /* NSString+URLEncoding.m in Sources */,
				CD0C4B0C0FE779B000E6F5B5 /* NSURL+Base.m in Sources */,
				CD0C4B230FE77AE500E6F5B5 /* OAConsumer.m in Sources */,
				CD0C4B240FE77AE500E6F5B5 /* OADataFetcher.m in Sources */,
				CD0C4B250FE77AE500E6F5B5 /* OAHMAC_SHA1SignatureProvider.m in Sources */,
				CD0C4B260FE77AE500E6F5B5 /* OAMutableURLRequest.m in Sources */,
				CD0C4B270FE77AE500E6F5B5 /* OAPlaintextSignatureProvider.m in Sources */,
				CD0C4B280FE77AE500E6F5B5 /* OARequestParameter.m in Sources */,
				CD0C4B290FE77AE500E6F5B5 /* OAServiceTicket.m in Sources */,
				CD0C4B2A0FE77AE500E6F5B5 /* OAToken_KeychainExtensions.m in Sources */,
				CD0C4B2B0FE77AE500E6F5B5 /* OAToken.m in Sources */,
			);
			runOnlyForDeploymentPostprocessing = 0;
		};
/* End PBXSourcesBuildPhase section */

/* Begin PBXVariantGroup section */
		CDF691BF0FEA1FB200EF96DB /* Credits.html */ = {
			isa = PBXVariantGroup;
			children = (
				CDF691C00FEA1FB200EF96DB /* English */,
			);
			name = Credits.html;
			sourceTree = "<group>";
		};
/* End PBXVariantGroup section */

/* Begin XCBuildConfiguration section */
		1D6058940D05DD3E006BFB54 /* Debug */ = {
			isa = XCBuildConfiguration;
			buildSettings = {
				ALWAYS_SEARCH_USER_PATHS = NO;
				COPY_PHASE_STRIP = NO;
				GCC_DYNAMIC_NO_PIC = NO;
				GCC_OPTIMIZATION_LEVEL = 0;
				GCC_PRECOMPILE_PREFIX_HEADER = YES;
				GCC_PREFIX_HEADER = JustUpdate_Prefix.pch;
				INFOPLIST_FILE = Info.plist;
				LIBRARY_SEARCH_PATHS = (
					"$(inherited)",
					"\"$(SRCROOT)/AppLoop-1.1.3\"",
					"\"$(SRCROOT)\"",
				);
				PRODUCT_NAME = JustUpdate;
				RUN_CLANG_STATIC_ANALYZER = YES;
			};
			name = Debug;
		};
		1D6058950D05DD3E006BFB54 /* Release */ = {
			isa = XCBuildConfiguration;
			buildSettings = {
				ALWAYS_SEARCH_USER_PATHS = NO;
				COPY_PHASE_STRIP = YES;
				GCC_PRECOMPILE_PREFIX_HEADER = YES;
				GCC_PREFIX_HEADER = JustUpdate_Prefix.pch;
				INFOPLIST_FILE = Info.plist;
				LIBRARY_SEARCH_PATHS = (
					"$(inherited)",
					"\"$(SRCROOT)/AppLoop-1.1.3\"",
					"\"$(SRCROOT)\"",
				);
				PRODUCT_NAME = JustUpdate;
			};
			name = Release;
		};
		C01FCF4F08A954540054247B /* Debug */ = {
			isa = XCBuildConfiguration;
			buildSettings = {
				ARCHS = "$(ARCHS_STANDARD_32_BIT)";
				"CODE_SIGN_IDENTITY[sdk=iphoneos*]" = "iPhone Developer";
				GCC_C_LANGUAGE_STANDARD = c99;
				GCC_WARN_ABOUT_RETURN_TYPE = YES;
				GCC_WARN_UNUSED_VARIABLE = YES;
				IPHONEOS_DEPLOYMENT_TARGET = 3.0;
				ONLY_ACTIVE_ARCH = YES;
				PREBINDING = NO;
				"PROVISIONING_PROFILE[sdk=iphoneos*]" = "";
				SDKROOT = iphoneos4.0;
			};
			name = Debug;
		};
		C01FCF5008A954540054247B /* Release */ = {
			isa = XCBuildConfiguration;
			buildSettings = {
				ARCHS = "$(ARCHS_STANDARD_32_BIT)";
				"CODE_SIGN_IDENTITY[sdk=iphoneos*]" = "iPhone Developer";
				GCC_C_LANGUAGE_STANDARD = c99;
				GCC_WARN_ABOUT_RETURN_TYPE = YES;
				GCC_WARN_UNUSED_VARIABLE = YES;
				IPHONEOS_DEPLOYMENT_TARGET = 3.0;
				PREBINDING = NO;
				"PROVISIONING_PROFILE[sdk=iphoneos*]" = "";
				SDKROOT = iphoneos4.0;
			};
			name = Release;
		};
		CDE47F930E576E1700413BC1 /* Ad Hoc */ = {
			isa = XCBuildConfiguration;
			buildSettings = {
				ARCHS = "$(ARCHS_STANDARD_32_BIT)";
				CODE_SIGN_ENTITLEMENTS = Entitlements.plist;
				"CODE_SIGN_IDENTITY[sdk=iphoneos*]" = "iPhone Distribution";
				GCC_C_LANGUAGE_STANDARD = c99;
				GCC_WARN_ABOUT_RETURN_TYPE = YES;
				GCC_WARN_UNUSED_VARIABLE = YES;
				IPHONEOS_DEPLOYMENT_TARGET = 3.0;
				PREBINDING = NO;
				"PROVISIONING_PROFILE[sdk=iphoneos*]" = "";
				SDKROOT = iphoneos4.0;
			};
			name = "Ad Hoc";
		};
		CDE47F940E576E1700413BC1 /* Ad Hoc */ = {
			isa = XCBuildConfiguration;
			buildSettings = {
				ALWAYS_SEARCH_USER_PATHS = NO;
				COPY_PHASE_STRIP = YES;
				GCC_PRECOMPILE_PREFIX_HEADER = YES;
				GCC_PREFIX_HEADER = JustUpdate_Prefix.pch;
				INFOPLIST_FILE = Info.plist;
				LIBRARY_SEARCH_PATHS = (
					"$(inherited)",
					"\"$(SRCROOT)/AppLoop-1.1.3\"",
					"\"$(SRCROOT)\"",
				);
				PRODUCT_NAME = JustUpdate;
			};
			name = "Ad Hoc";
		};
		CDE47F950E576E1B00413BC1 /* App Store */ = {
			isa = XCBuildConfiguration;
			buildSettings = {
				ARCHS = "$(ARCHS_STANDARD_32_BIT)";
				"CODE_SIGN_IDENTITY[sdk=iphoneos*]" = "iPhone Distribution: Patrick F Quinn-Graham";
				GCC_C_LANGUAGE_STANDARD = c99;
				GCC_WARN_ABOUT_RETURN_TYPE = YES;
				GCC_WARN_UNUSED_VARIABLE = YES;
				IPHONEOS_DEPLOYMENT_TARGET = 3.0;
				PREBINDING = NO;
				"PROVISIONING_PROFILE[sdk=iphoneos*]" = "182C90AF-6B41-4C4F-87B0-BDBE234889AF";
				SDKROOT = iphoneos4.0;
			};
			name = "App Store";
		};
		CDE47F960E576E1B00413BC1 /* App Store */ = {
			isa = XCBuildConfiguration;
			buildSettings = {
				ALWAYS_SEARCH_USER_PATHS = NO;
				COPY_PHASE_STRIP = YES;
				GCC_PRECOMPILE_PREFIX_HEADER = YES;
				GCC_PREFIX_HEADER = JustUpdate_Prefix.pch;
				INFOPLIST_FILE = Info.plist;
				LIBRARY_SEARCH_PATHS = (
					"$(inherited)",
					"\"$(SRCROOT)/AppLoop-1.1.3\"",
					"\"$(SRCROOT)\"",
				);
				PRODUCT_NAME = JustUpdate;
			};
			name = "App Store";
		};
/* End XCBuildConfiguration section */

/* Begin XCConfigurationList section */
		1D6058960D05DD3E006BFB54 /* Build configuration list for PBXNativeTarget "JustUpdate" */ = {
			isa = XCConfigurationList;
			buildConfigurations = (
				1D6058940D05DD3E006BFB54 /* Debug */,
				1D6058950D05DD3E006BFB54 /* Release */,
				CDE47F940E576E1700413BC1 /* Ad Hoc */,
				CDE47F960E576E1B00413BC1 /* App Store */,
			);
			defaultConfigurationIsVisible = 0;
			defaultConfigurationName = Release;
		};
		C01FCF4E08A954540054247B /* Build configuration list for PBXProject "JustUpdate" */ = {
			isa = XCConfigurationList;
			buildConfigurations = (
				C01FCF4F08A954540054247B /* Debug */,
				C01FCF5008A954540054247B /* Release */,
				CDE47F930E576E1700413BC1 /* Ad Hoc */,
				CDE47F950E576E1B00413BC1 /* App Store */,
			);
			defaultConfigurationIsVisible = 0;
			defaultConfigurationName = Release;
		};
/* End XCConfigurationList section */
	};
	rootObject = 29B97313FDCFA39411CA2CEA /* Project object */;
}
